
Microsoft Visual Studio Solution File, Format Version 12.00
# Visual Studio Version 17
VisualStudioVersion = 17.2.32616.157
MinimumVisualStudioVersion = 10.0.40219.1
Project("{FAE04EC0-301F-11D3-BF4B-00C04F79EFBC}") = "BankaKrediSonHaliÖdevOlanBitti", "BankaKrediSonHaliÖdevOlanBitti\BankaKrediSonHaliÖdevOlanBitti.csproj", "{5164FE4B-A646-4119-B00A-791F65DDFDBC}"
EndProject
Global
	GlobalSection(SolutionConfigurationPlatforms) = preSolution
		Debug|Any CPU = Debug|Any CPU
		Release|Any CPU = Release|Any CPU
	EndGlobalSection
	GlobalSection(ProjectConfigurationPlatforms) = postSolution
		{5164FE4B-A646-4119-B00A-791F65DDFDBC}.Debug|Any CPU.ActiveCfg = Debug|Any CPU
		{5164FE4B-A646-4119-B00A-791F65DDFDBC}.Debug|Any CPU.Build.0 = Debug|Any CPU
		{5164FE4B-A646-4119-B00A-791F65DDFDBC}.Release|Any CPU.ActiveCfg = Release|Any CPU
		{5164FE4B-A646-4119-B00A-791F65DDFDBC}.Release|Any CPU.Build.0 = Release|Any CPU
	EndGlobalSection
	GlobalSection(SolutionProperties) = preSolution
		HideSolutionNode = FALSE
	EndGlobalSection
	GlobalSection(ExtensibilityGlobals) = postSolution
		SolutionGuid = {A8BC0053-CA36-4904-AAD7-95ABDC411A18}
	EndGlobalSection
EndGlobal
