
Microsoft Visual Studio Solution File, Format Version 12.00
# Visual Studio Version 17
VisualStudioVersion = 17.2.32616.157
MinimumVisualStudioVersion = 10.0.40219.1
Project("{FAE04EC0-301F-11D3-BF4B-00C04F79EFBC}") = "MetotÖrnekleri5", "MetotÖrnekleri5\MetotÖrnekleri5.csproj", "{032ABB04-D1BF-4D69-B63E-B547A8EEFF15}"
EndProject
Global
	GlobalSection(SolutionConfigurationPlatforms) = preSolution
		Debug|Any CPU = Debug|Any CPU
		Release|Any CPU = Release|Any CPU
	EndGlobalSection
	GlobalSection(ProjectConfigurationPlatforms) = postSolution
		{032ABB04-D1BF-4D69-B63E-B547A8EEFF15}.Debug|Any CPU.ActiveCfg = Debug|Any CPU
		{032ABB04-D1BF-4D69-B63E-B547A8EEFF15}.Debug|Any CPU.Build.0 = Debug|Any CPU
		{032ABB04-D1BF-4D69-B63E-B547A8EEFF15}.Release|Any CPU.ActiveCfg = Release|Any CPU
		{032ABB04-D1BF-4D69-B63E-B547A8EEFF15}.Release|Any CPU.Build.0 = Release|Any CPU
	EndGlobalSection
	GlobalSection(SolutionProperties) = preSolution
		HideSolutionNode = FALSE
	EndGlobalSection
	GlobalSection(ExtensibilityGlobals) = postSolution
		SolutionGuid = {A651EA87-B6DB-4620-82D7-01D5832B73BF}
	EndGlobalSection
EndGlobal
