
Microsoft Visual Studio Solution File, Format Version 12.00
# Visual Studio Version 17
VisualStudioVersion = 17.2.32616.157
MinimumVisualStudioVersion = 10.0.40219.1
Project("{FAE04EC0-301F-11D3-BF4B-00C04F79EFBC}") = "örnekler65", "örnekler65\örnekler65.csproj", "{A3979420-89D6-499B-8E01-FC2F0CDC0378}"
EndProject
Global
	GlobalSection(SolutionConfigurationPlatforms) = preSolution
		Debug|Any CPU = Debug|Any CPU
		Release|Any CPU = Release|Any CPU
	EndGlobalSection
	GlobalSection(ProjectConfigurationPlatforms) = postSolution
		{A3979420-89D6-499B-8E01-FC2F0CDC0378}.Debug|Any CPU.ActiveCfg = Debug|Any CPU
		{A3979420-89D6-499B-8E01-FC2F0CDC0378}.Debug|Any CPU.Build.0 = Debug|Any CPU
		{A3979420-89D6-499B-8E01-FC2F0CDC0378}.Release|Any CPU.ActiveCfg = Release|Any CPU
		{A3979420-89D6-499B-8E01-FC2F0CDC0378}.Release|Any CPU.Build.0 = Release|Any CPU
	EndGlobalSection
	GlobalSection(SolutionProperties) = preSolution
		HideSolutionNode = FALSE
	EndGlobalSection
	GlobalSection(ExtensibilityGlobals) = postSolution
		SolutionGuid = {10B82922-4C3F-449D-9F90-62A19DC28C2C}
	EndGlobalSection
EndGlobal
