
Microsoft Visual Studio Solution File, Format Version 12.00
# Visual Studio Version 17
VisualStudioVersion = 17.2.32616.157
MinimumVisualStudioVersion = 10.0.40219.1
Project("{FAE04EC0-301F-11D3-BF4B-00C04F79EFBC}") = "Örnekler", "Örnekler\Örnekler.csproj", "{6974FDF3-EABC-4F32-ABA3-3704BB61BE64}"
EndProject
Global
	GlobalSection(SolutionConfigurationPlatforms) = preSolution
		Debug|Any CPU = Debug|Any CPU
		Release|Any CPU = Release|Any CPU
	EndGlobalSection
	GlobalSection(ProjectConfigurationPlatforms) = postSolution
		{6974FDF3-EABC-4F32-ABA3-3704BB61BE64}.Debug|Any CPU.ActiveCfg = Debug|Any CPU
		{6974FDF3-EABC-4F32-ABA3-3704BB61BE64}.Debug|Any CPU.Build.0 = Debug|Any CPU
		{6974FDF3-EABC-4F32-ABA3-3704BB61BE64}.Release|Any CPU.ActiveCfg = Release|Any CPU
		{6974FDF3-EABC-4F32-ABA3-3704BB61BE64}.Release|Any CPU.Build.0 = Release|Any CPU
	EndGlobalSection
	GlobalSection(SolutionProperties) = preSolution
		HideSolutionNode = FALSE
	EndGlobalSection
	GlobalSection(ExtensibilityGlobals) = postSolution
		SolutionGuid = {B8FCF90E-85E3-460A-A54B-B8DE4087F3AF}
	EndGlobalSection
EndGlobal
