
Microsoft Visual Studio Solution File, Format Version 12.00
# Visual Studio Version 17
VisualStudioVersion = 17.3.32819.101
MinimumVisualStudioVersion = 10.0.40219.1
Project("{FAE04EC0-301F-11D3-BF4B-00C04F79EFBC}") = "Murat yücedağ while devamı", "Murat yücedağ while devamı\Murat yücedağ while devamı.csproj", "{7F2F41F6-DD98-4B7F-A6E3-B6BFC5A11566}"
EndProject
Global
	GlobalSection(SolutionConfigurationPlatforms) = preSolution
		Debug|Any CPU = Debug|Any CPU
		Release|Any CPU = Release|Any CPU
	EndGlobalSection
	GlobalSection(ProjectConfigurationPlatforms) = postSolution
		{7F2F41F6-DD98-4B7F-A6E3-B6BFC5A11566}.Debug|Any CPU.ActiveCfg = Debug|Any CPU
		{7F2F41F6-DD98-4B7F-A6E3-B6BFC5A11566}.Debug|Any CPU.Build.0 = Debug|Any CPU
		{7F2F41F6-DD98-4B7F-A6E3-B6BFC5A11566}.Release|Any CPU.ActiveCfg = Release|Any CPU
		{7F2F41F6-DD98-4B7F-A6E3-B6BFC5A11566}.Release|Any CPU.Build.0 = Release|Any CPU
	EndGlobalSection
	GlobalSection(SolutionProperties) = preSolution
		HideSolutionNode = FALSE
	EndGlobalSection
	GlobalSection(ExtensibilityGlobals) = postSolution
		SolutionGuid = {5A96D1F5-F972-4E6C-A18A-C6B6CABAD117}
	EndGlobalSection
EndGlobal
