
Microsoft Visual Studio Solution File, Format Version 12.00
# Visual Studio 15
VisualStudioVersion = 15.0.28307.1267
MinimumVisualStudioVersion = 10.0.40219.1
Project("{FAE04EC0-301F-11D3-BF4B-00C04F79EFBC}") = "Ders2", "Ders2\Ders2.csproj", "{32874DC4-E86F-431D-AF5F-AFEC222E49EA}"
EndProject
Global
	GlobalSection(SolutionConfigurationPlatforms) = preSolution
		Debug|Any CPU = Debug|Any CPU
		Release|Any CPU = Release|Any CPU
	EndGlobalSection
	GlobalSection(ProjectConfigurationPlatforms) = postSolution
		{32874DC4-E86F-431D-AF5F-AFEC222E49EA}.Debug|Any CPU.ActiveCfg = Debug|Any CPU
		{32874DC4-E86F-431D-AF5F-AFEC222E49EA}.Debug|Any CPU.Build.0 = Debug|Any CPU
		{32874DC4-E86F-431D-AF5F-AFEC222E49EA}.Release|Any CPU.ActiveCfg = Release|Any CPU
		{32874DC4-E86F-431D-AF5F-AFEC222E49EA}.Release|Any CPU.Build.0 = Release|Any CPU
	EndGlobalSection
	GlobalSection(SolutionProperties) = preSolution
		HideSolutionNode = FALSE
	EndGlobalSection
	GlobalSection(ExtensibilityGlobals) = postSolution
		SolutionGuid = {1CBCD7AB-5123-479D-B2EC-59B51EF6EA69}
	EndGlobalSection
EndGlobal
