
Microsoft Visual Studio Solution File, Format Version 12.00
# Visual Studio Version 17
VisualStudioVersion = 17.3.32819.101
MinimumVisualStudioVersion = 10.0.40219.1
Project("{FAE04EC0-301F-11D3-BF4B-00C04F79EFBC}") = "Metot ile Dikdörtgen Alan Hesabı", "Metot ile Dikdörtgen Alan Hesabı\Metot ile Dikdörtgen Alan Hesabı.csproj", "{DF2A3758-1DEA-4BD5-B780-404CD6F3D72E}"
EndProject
Global
	GlobalSection(SolutionConfigurationPlatforms) = preSolution
		Debug|Any CPU = Debug|Any CPU
		Release|Any CPU = Release|Any CPU
	EndGlobalSection
	GlobalSection(ProjectConfigurationPlatforms) = postSolution
		{DF2A3758-1DEA-4BD5-B780-404CD6F3D72E}.Debug|Any CPU.ActiveCfg = Debug|Any CPU
		{DF2A3758-1DEA-4BD5-B780-404CD6F3D72E}.Debug|Any CPU.Build.0 = Debug|Any CPU
		{DF2A3758-1DEA-4BD5-B780-404CD6F3D72E}.Release|Any CPU.ActiveCfg = Release|Any CPU
		{DF2A3758-1DEA-4BD5-B780-404CD6F3D72E}.Release|Any CPU.Build.0 = Release|Any CPU
	EndGlobalSection
	GlobalSection(SolutionProperties) = preSolution
		HideSolutionNode = FALSE
	EndGlobalSection
	GlobalSection(ExtensibilityGlobals) = postSolution
		SolutionGuid = {E3F548CF-5BBA-4A2B-90B8-EF59AA67723A}
	EndGlobalSection
EndGlobal
