
Microsoft Visual Studio Solution File, Format Version 12.00
# Visual Studio Version 17
VisualStudioVersion = 17.2.32616.157
MinimumVisualStudioVersion = 10.0.40219.1
Project("{FAE04EC0-301F-11D3-BF4B-00C04F79EFBC}") = "trycatch örnek", "trycatch örnek\trycatch örnek.csproj", "{04A7692C-616E-490E-BC16-603EBE1F4A91}"
EndProject
Global
	GlobalSection(SolutionConfigurationPlatforms) = preSolution
		Debug|Any CPU = Debug|Any CPU
		Release|Any CPU = Release|Any CPU
	EndGlobalSection
	GlobalSection(ProjectConfigurationPlatforms) = postSolution
		{04A7692C-616E-490E-BC16-603EBE1F4A91}.Debug|Any CPU.ActiveCfg = Debug|Any CPU
		{04A7692C-616E-490E-BC16-603EBE1F4A91}.Debug|Any CPU.Build.0 = Debug|Any CPU
		{04A7692C-616E-490E-BC16-603EBE1F4A91}.Release|Any CPU.ActiveCfg = Release|Any CPU
		{04A7692C-616E-490E-BC16-603EBE1F4A91}.Release|Any CPU.Build.0 = Release|Any CPU
	EndGlobalSection
	GlobalSection(SolutionProperties) = preSolution
		HideSolutionNode = FALSE
	EndGlobalSection
	GlobalSection(ExtensibilityGlobals) = postSolution
		SolutionGuid = {636A3A0D-4B82-4428-B5D2-1FE53FF02798}
	EndGlobalSection
EndGlobal
