
Microsoft Visual Studio Solution File, Format Version 12.00
# Visual Studio Version 17
VisualStudioVersion = 17.3.32819.101
MinimumVisualStudioVersion = 10.0.40219.1
Project("{FAE04EC0-301F-11D3-BF4B-00C04F79EFBC}") = "Tekrar 2. Ders", "Tekrar 2. Ders\Tekrar 2. Ders.csproj", "{A388C773-04F8-4F4F-9C34-DADF4E8AF4D7}"
EndProject
Global
	GlobalSection(SolutionConfigurationPlatforms) = preSolution
		Debug|Any CPU = Debug|Any CPU
		Release|Any CPU = Release|Any CPU
	EndGlobalSection
	GlobalSection(ProjectConfigurationPlatforms) = postSolution
		{A388C773-04F8-4F4F-9C34-DADF4E8AF4D7}.Debug|Any CPU.ActiveCfg = Debug|Any CPU
		{A388C773-04F8-4F4F-9C34-DADF4E8AF4D7}.Debug|Any CPU.Build.0 = Debug|Any CPU
		{A388C773-04F8-4F4F-9C34-DADF4E8AF4D7}.Release|Any CPU.ActiveCfg = Release|Any CPU
		{A388C773-04F8-4F4F-9C34-DADF4E8AF4D7}.Release|Any CPU.Build.0 = Release|Any CPU
	EndGlobalSection
	GlobalSection(SolutionProperties) = preSolution
		HideSolutionNode = FALSE
	EndGlobalSection
	GlobalSection(ExtensibilityGlobals) = postSolution
		SolutionGuid = {F49741FB-66D1-4FAD-8807-EFF91401DAC1}
	EndGlobalSection
EndGlobal
