
Microsoft Visual Studio Solution File, Format Version 12.00
# Visual Studio Version 17
VisualStudioVersion = 17.3.32819.101
MinimumVisualStudioVersion = 10.0.40219.1
Project("{FAE04EC0-301F-11D3-BF4B-00C04F79EFBC}") = "Ödevler2", "Ödevler2\Ödevler2.csproj", "{CFBAC7A5-DE4A-4097-A303-A8524C83C933}"
EndProject
Global
	GlobalSection(SolutionConfigurationPlatforms) = preSolution
		Debug|Any CPU = Debug|Any CPU
		Release|Any CPU = Release|Any CPU
	EndGlobalSection
	GlobalSection(ProjectConfigurationPlatforms) = postSolution
		{CFBAC7A5-DE4A-4097-A303-A8524C83C933}.Debug|Any CPU.ActiveCfg = Debug|Any CPU
		{CFBAC7A5-DE4A-4097-A303-A8524C83C933}.Debug|Any CPU.Build.0 = Debug|Any CPU
		{CFBAC7A5-DE4A-4097-A303-A8524C83C933}.Release|Any CPU.ActiveCfg = Release|Any CPU
		{CFBAC7A5-DE4A-4097-A303-A8524C83C933}.Release|Any CPU.Build.0 = Release|Any CPU
	EndGlobalSection
	GlobalSection(SolutionProperties) = preSolution
		HideSolutionNode = FALSE
	EndGlobalSection
	GlobalSection(ExtensibilityGlobals) = postSolution
		SolutionGuid = {6634B6E2-0296-4F92-A589-AACFB2F1E3F5}
	EndGlobalSection
EndGlobal
