
Microsoft Visual Studio Solution File, Format Version 12.00
# Visual Studio Version 17
VisualStudioVersion = 17.2.32616.157
MinimumVisualStudioVersion = 10.0.40219.1
Project("{FAE04EC0-301F-11D3-BF4B-00C04F79EFBC}") = "WindowsFormsApp4", "WindowsFormsApp4\WindowsFormsApp4.csproj", "{ED6F8337-EE4B-4D39-8669-BB2D5F580E57}"
EndProject
Global
	GlobalSection(SolutionConfigurationPlatforms) = preSolution
		Debug|Any CPU = Debug|Any CPU
		Release|Any CPU = Release|Any CPU
	EndGlobalSection
	GlobalSection(ProjectConfigurationPlatforms) = postSolution
		{ED6F8337-EE4B-4D39-8669-BB2D5F580E57}.Debug|Any CPU.ActiveCfg = Debug|Any CPU
		{ED6F8337-EE4B-4D39-8669-BB2D5F580E57}.Debug|Any CPU.Build.0 = Debug|Any CPU
		{ED6F8337-EE4B-4D39-8669-BB2D5F580E57}.Release|Any CPU.ActiveCfg = Release|Any CPU
		{ED6F8337-EE4B-4D39-8669-BB2D5F580E57}.Release|Any CPU.Build.0 = Release|Any CPU
	EndGlobalSection
	GlobalSection(SolutionProperties) = preSolution
		HideSolutionNode = FALSE
	EndGlobalSection
	GlobalSection(ExtensibilityGlobals) = postSolution
		SolutionGuid = {24368FBF-2EF4-4A1B-9FD2-7B174D160C30}
	EndGlobalSection
EndGlobal
