
Microsoft Visual Studio Solution File, Format Version 12.00
# Visual Studio Version 17
VisualStudioVersion = 17.3.32819.101
MinimumVisualStudioVersion = 10.0.40219.1
Project("{FAE04EC0-301F-11D3-BF4B-00C04F79EFBC}") = "Interface", "Interface\Interface.csproj", "{72541B0C-FEE9-41F9-89E3-348F3885E3B4}"
EndProject
Global
	GlobalSection(SolutionConfigurationPlatforms) = preSolution
		Debug|Any CPU = Debug|Any CPU
		Release|Any CPU = Release|Any CPU
	EndGlobalSection
	GlobalSection(ProjectConfigurationPlatforms) = postSolution
		{72541B0C-FEE9-41F9-89E3-348F3885E3B4}.Debug|Any CPU.ActiveCfg = Debug|Any CPU
		{72541B0C-FEE9-41F9-89E3-348F3885E3B4}.Debug|Any CPU.Build.0 = Debug|Any CPU
		{72541B0C-FEE9-41F9-89E3-348F3885E3B4}.Release|Any CPU.ActiveCfg = Release|Any CPU
		{72541B0C-FEE9-41F9-89E3-348F3885E3B4}.Release|Any CPU.Build.0 = Release|Any CPU
	EndGlobalSection
	GlobalSection(SolutionProperties) = preSolution
		HideSolutionNode = FALSE
	EndGlobalSection
	GlobalSection(ExtensibilityGlobals) = postSolution
		SolutionGuid = {67A84A03-FEB7-4AEB-A014-B8B57E841972}
	EndGlobalSection
EndGlobal
