
Microsoft Visual Studio Solution File, Format Version 12.00
# Visual Studio Version 17
VisualStudioVersion = 17.2.32616.157
MinimumVisualStudioVersion = 10.0.40219.1
Project("{FAE04EC0-301F-11D3-BF4B-00C04F79EFBC}") = "formlararasıgeçis", "formlararasıgeçis\formlararasıgeçis.csproj", "{97F2112F-E4C1-43BD-8A64-1A7A439657F3}"
EndProject
Global
	GlobalSection(SolutionConfigurationPlatforms) = preSolution
		Debug|Any CPU = Debug|Any CPU
		Release|Any CPU = Release|Any CPU
	EndGlobalSection
	GlobalSection(ProjectConfigurationPlatforms) = postSolution
		{97F2112F-E4C1-43BD-8A64-1A7A439657F3}.Debug|Any CPU.ActiveCfg = Debug|Any CPU
		{97F2112F-E4C1-43BD-8A64-1A7A439657F3}.Debug|Any CPU.Build.0 = Debug|Any CPU
		{97F2112F-E4C1-43BD-8A64-1A7A439657F3}.Release|Any CPU.ActiveCfg = Release|Any CPU
		{97F2112F-E4C1-43BD-8A64-1A7A439657F3}.Release|Any CPU.Build.0 = Release|Any CPU
	EndGlobalSection
	GlobalSection(SolutionProperties) = preSolution
		HideSolutionNode = FALSE
	EndGlobalSection
	GlobalSection(ExtensibilityGlobals) = postSolution
		SolutionGuid = {7F21E38A-6A1F-4B6D-ADBC-AAC272EFB8AB}
	EndGlobalSection
EndGlobal
