
Microsoft Visual Studio Solution File, Format Version 12.00
# Visual Studio Version 16
VisualStudioVersion = 16.0.28803.202
MinimumVisualStudioVersion = 10.0.40219.1
Project("{FAE04EC0-301F-11D3-BF4B-00C04F79EFBC}") = "İki tarih arası gün hesaplama", "İki tarih arası gün hesaplama.csproj", "{B6F2E913-AE74-4906-AC12-63F216B20281}"
EndProject
Global
	GlobalSection(SolutionConfigurationPlatforms) = preSolution
		Debug|Any CPU = Debug|Any CPU
		Release|Any CPU = Release|Any CPU
	EndGlobalSection
	GlobalSection(ProjectConfigurationPlatforms) = postSolution
		{B6F2E913-AE74-4906-AC12-63F216B20281}.Debug|Any CPU.ActiveCfg = Debug|Any CPU
		{B6F2E913-AE74-4906-AC12-63F216B20281}.Debug|Any CPU.Build.0 = Debug|Any CPU
		{B6F2E913-AE74-4906-AC12-63F216B20281}.Release|Any CPU.ActiveCfg = Release|Any CPU
		{B6F2E913-AE74-4906-AC12-63F216B20281}.Release|Any CPU.Build.0 = Release|Any CPU
	EndGlobalSection
	GlobalSection(SolutionProperties) = preSolution
		HideSolutionNode = FALSE
	EndGlobalSection
	GlobalSection(ExtensibilityGlobals) = postSolution
		SolutionGuid = {C0C07630-B90C-4ED1-9E43-91A725FD8589}
	EndGlobalSection
EndGlobal
