
Microsoft Visual Studio Solution File, Format Version 12.00
# Visual Studio Version 17
VisualStudioVersion = 17.3.32819.101
MinimumVisualStudioVersion = 10.0.40219.1
Project("{FAE04EC0-301F-11D3-BF4B-00C04F79EFBC}") = "While", "While\While.csproj", "{E17A134D-605F-4BAC-A546-E5990F37F113}"
EndProject
Global
	GlobalSection(SolutionConfigurationPlatforms) = preSolution
		Debug|Any CPU = Debug|Any CPU
		Release|Any CPU = Release|Any CPU
	EndGlobalSection
	GlobalSection(ProjectConfigurationPlatforms) = postSolution
		{E17A134D-605F-4BAC-A546-E5990F37F113}.Debug|Any CPU.ActiveCfg = Debug|Any CPU
		{E17A134D-605F-4BAC-A546-E5990F37F113}.Debug|Any CPU.Build.0 = Debug|Any CPU
		{E17A134D-605F-4BAC-A546-E5990F37F113}.Release|Any CPU.ActiveCfg = Release|Any CPU
		{E17A134D-605F-4BAC-A546-E5990F37F113}.Release|Any CPU.Build.0 = Release|Any CPU
	EndGlobalSection
	GlobalSection(SolutionProperties) = preSolution
		HideSolutionNode = FALSE
	EndGlobalSection
	GlobalSection(ExtensibilityGlobals) = postSolution
		SolutionGuid = {97FF37CB-7159-475C-9EAE-417C25CD2B10}
	EndGlobalSection
EndGlobal
