
Microsoft Visual Studio Solution File, Format Version 12.00
# Visual Studio Version 17
VisualStudioVersion = 17.3.32819.101
MinimumVisualStudioVersion = 10.0.40219.1
Project("{FAE04EC0-301F-11D3-BF4B-00C04F79EFBC}") = "While Dongüsü", "While Dongüsü\While Dongüsü.csproj", "{44947C81-2E41-4341-8C89-30D5410B089B}"
EndProject
Global
	GlobalSection(SolutionConfigurationPlatforms) = preSolution
		Debug|Any CPU = Debug|Any CPU
		Release|Any CPU = Release|Any CPU
	EndGlobalSection
	GlobalSection(ProjectConfigurationPlatforms) = postSolution
		{44947C81-2E41-4341-8C89-30D5410B089B}.Debug|Any CPU.ActiveCfg = Debug|Any CPU
		{44947C81-2E41-4341-8C89-30D5410B089B}.Debug|Any CPU.Build.0 = Debug|Any CPU
		{44947C81-2E41-4341-8C89-30D5410B089B}.Release|Any CPU.ActiveCfg = Release|Any CPU
		{44947C81-2E41-4341-8C89-30D5410B089B}.Release|Any CPU.Build.0 = Release|Any CPU
	EndGlobalSection
	GlobalSection(SolutionProperties) = preSolution
		HideSolutionNode = FALSE
	EndGlobalSection
	GlobalSection(ExtensibilityGlobals) = postSolution
		SolutionGuid = {EB2C7297-975A-4449-9497-BC910A85C215}
	EndGlobalSection
EndGlobal
