
Microsoft Visual Studio Solution File, Format Version 12.00
# Visual Studio Version 17
VisualStudioVersion = 17.3.32819.101
MinimumVisualStudioVersion = 10.0.40219.1
Project("{FAE04EC0-301F-11D3-BF4B-00C04F79EFBC}") = "Metrobüs Ödevi", "Metrobüs Ödevi\Metrobüs Ödevi.csproj", "{B24760F4-B64F-4F8B-A64F-0AED10C31DA8}"
EndProject
Global
	GlobalSection(SolutionConfigurationPlatforms) = preSolution
		Debug|Any CPU = Debug|Any CPU
		Release|Any CPU = Release|Any CPU
	EndGlobalSection
	GlobalSection(ProjectConfigurationPlatforms) = postSolution
		{B24760F4-B64F-4F8B-A64F-0AED10C31DA8}.Debug|Any CPU.ActiveCfg = Debug|Any CPU
		{B24760F4-B64F-4F8B-A64F-0AED10C31DA8}.Debug|Any CPU.Build.0 = Debug|Any CPU
		{B24760F4-B64F-4F8B-A64F-0AED10C31DA8}.Release|Any CPU.ActiveCfg = Release|Any CPU
		{B24760F4-B64F-4F8B-A64F-0AED10C31DA8}.Release|Any CPU.Build.0 = Release|Any CPU
	EndGlobalSection
	GlobalSection(SolutionProperties) = preSolution
		HideSolutionNode = FALSE
	EndGlobalSection
	GlobalSection(ExtensibilityGlobals) = postSolution
		SolutionGuid = {83EE8C77-00B4-46B6-AA43-C3DF9387D102}
	EndGlobalSection
EndGlobal
