
Microsoft Visual Studio Solution File, Format Version 12.00
# Visual Studio Version 17
VisualStudioVersion = 17.3.32819.101
MinimumVisualStudioVersion = 10.0.40219.1
Project("{FAE04EC0-301F-11D3-BF4B-00C04F79EFBC}") = "For Döngüsü", "For Döngüsü\For Döngüsü.csproj", "{50742C4C-7D68-4701-804B-E06CCE67C383}"
EndProject
Global
	GlobalSection(SolutionConfigurationPlatforms) = preSolution
		Debug|Any CPU = Debug|Any CPU
		Release|Any CPU = Release|Any CPU
	EndGlobalSection
	GlobalSection(ProjectConfigurationPlatforms) = postSolution
		{50742C4C-7D68-4701-804B-E06CCE67C383}.Debug|Any CPU.ActiveCfg = Debug|Any CPU
		{50742C4C-7D68-4701-804B-E06CCE67C383}.Debug|Any CPU.Build.0 = Debug|Any CPU
		{50742C4C-7D68-4701-804B-E06CCE67C383}.Release|Any CPU.ActiveCfg = Release|Any CPU
		{50742C4C-7D68-4701-804B-E06CCE67C383}.Release|Any CPU.Build.0 = Release|Any CPU
	EndGlobalSection
	GlobalSection(SolutionProperties) = preSolution
		HideSolutionNode = FALSE
	EndGlobalSection
	GlobalSection(ExtensibilityGlobals) = postSolution
		SolutionGuid = {3C59D452-74D9-4BCC-B8A4-A535409D946D}
	EndGlobalSection
EndGlobal
