
Microsoft Visual Studio Solution File, Format Version 12.00
# Visual Studio Version 16
VisualStudioVersion = 16.0.28803.202
MinimumVisualStudioVersion = 10.0.40219.1
Project("{FAE04EC0-301F-11D3-BF4B-00C04F79EFBC}") = "String içinde kelime aramak", "String içinde kelime aramak.csproj", "{32CA1290-1994-48F6-8668-7B4DF454E480}"
EndProject
Global
	GlobalSection(SolutionConfigurationPlatforms) = preSolution
		Debug|Any CPU = Debug|Any CPU
		Release|Any CPU = Release|Any CPU
	EndGlobalSection
	GlobalSection(ProjectConfigurationPlatforms) = postSolution
		{32CA1290-1994-48F6-8668-7B4DF454E480}.Debug|Any CPU.ActiveCfg = Debug|Any CPU
		{32CA1290-1994-48F6-8668-7B4DF454E480}.Debug|Any CPU.Build.0 = Debug|Any CPU
		{32CA1290-1994-48F6-8668-7B4DF454E480}.Release|Any CPU.ActiveCfg = Release|Any CPU
		{32CA1290-1994-48F6-8668-7B4DF454E480}.Release|Any CPU.Build.0 = Release|Any CPU
	EndGlobalSection
	GlobalSection(SolutionProperties) = preSolution
		HideSolutionNode = FALSE
	EndGlobalSection
	GlobalSection(ExtensibilityGlobals) = postSolution
		SolutionGuid = {0DC39074-C98B-4BF9-AE4F-2B434E3C57A0}
	EndGlobalSection
EndGlobal
