
Microsoft Visual Studio Solution File, Format Version 12.00
# Visual Studio Version 17
VisualStudioVersion = 17.3.32819.101
MinimumVisualStudioVersion = 10.0.40219.1
Project("{FAE04EC0-301F-11D3-BF4B-00C04F79EFBC}") = "örnek tekrarı DİZİLER", "örnek tekrarı DİZİLER\örnek tekrarı DİZİLER.csproj", "{6838DBAE-8F62-4D93-83A0-BC5EB2D993D4}"
EndProject
Global
	GlobalSection(SolutionConfigurationPlatforms) = preSolution
		Debug|Any CPU = Debug|Any CPU
		Release|Any CPU = Release|Any CPU
	EndGlobalSection
	GlobalSection(ProjectConfigurationPlatforms) = postSolution
		{6838DBAE-8F62-4D93-83A0-BC5EB2D993D4}.Debug|Any CPU.ActiveCfg = Debug|Any CPU
		{6838DBAE-8F62-4D93-83A0-BC5EB2D993D4}.Debug|Any CPU.Build.0 = Debug|Any CPU
		{6838DBAE-8F62-4D93-83A0-BC5EB2D993D4}.Release|Any CPU.ActiveCfg = Release|Any CPU
		{6838DBAE-8F62-4D93-83A0-BC5EB2D993D4}.Release|Any CPU.Build.0 = Release|Any CPU
	EndGlobalSection
	GlobalSection(SolutionProperties) = preSolution
		HideSolutionNode = FALSE
	EndGlobalSection
	GlobalSection(ExtensibilityGlobals) = postSolution
		SolutionGuid = {FF959A01-5BB7-437D-A9E5-296E0140E3DA}
	EndGlobalSection
EndGlobal
