
Microsoft Visual Studio Solution File, Format Version 12.00
# Visual Studio Version 17
VisualStudioVersion = 17.2.32616.157
MinimumVisualStudioVersion = 10.0.40219.1
Project("{FAE04EC0-301F-11D3-BF4B-00C04F79EFBC}") = "Classlar1", "Classlar1\Classlar1.csproj", "{A7F0262E-868C-4AFE-B596-BC184C07433A}"
EndProject
Global
	GlobalSection(SolutionConfigurationPlatforms) = preSolution
		Debug|Any CPU = Debug|Any CPU
		Release|Any CPU = Release|Any CPU
	EndGlobalSection
	GlobalSection(ProjectConfigurationPlatforms) = postSolution
		{A7F0262E-868C-4AFE-B596-BC184C07433A}.Debug|Any CPU.ActiveCfg = Debug|Any CPU
		{A7F0262E-868C-4AFE-B596-BC184C07433A}.Debug|Any CPU.Build.0 = Debug|Any CPU
		{A7F0262E-868C-4AFE-B596-BC184C07433A}.Release|Any CPU.ActiveCfg = Release|Any CPU
		{A7F0262E-868C-4AFE-B596-BC184C07433A}.Release|Any CPU.Build.0 = Release|Any CPU
	EndGlobalSection
	GlobalSection(SolutionProperties) = preSolution
		HideSolutionNode = FALSE
	EndGlobalSection
	GlobalSection(ExtensibilityGlobals) = postSolution
		SolutionGuid = {2FCA2C7B-9934-4E62-98F4-2D87F8CF1FAD}
	EndGlobalSection
EndGlobal
