
Microsoft Visual Studio Solution File, Format Version 12.00
# Visual Studio Version 17
VisualStudioVersion = 17.2.32616.157
MinimumVisualStudioVersion = 10.0.40219.1
Project("{FAE04EC0-301F-11D3-BF4B-00C04F79EFBC}") = "classYasHesaplaması", "classYasHesaplaması\classYasHesaplaması.csproj", "{965D4630-9E9C-4903-84D4-A896AFE9CCFE}"
EndProject
Global
	GlobalSection(SolutionConfigurationPlatforms) = preSolution
		Debug|Any CPU = Debug|Any CPU
		Release|Any CPU = Release|Any CPU
	EndGlobalSection
	GlobalSection(ProjectConfigurationPlatforms) = postSolution
		{965D4630-9E9C-4903-84D4-A896AFE9CCFE}.Debug|Any CPU.ActiveCfg = Debug|Any CPU
		{965D4630-9E9C-4903-84D4-A896AFE9CCFE}.Debug|Any CPU.Build.0 = Debug|Any CPU
		{965D4630-9E9C-4903-84D4-A896AFE9CCFE}.Release|Any CPU.ActiveCfg = Release|Any CPU
		{965D4630-9E9C-4903-84D4-A896AFE9CCFE}.Release|Any CPU.Build.0 = Release|Any CPU
	EndGlobalSection
	GlobalSection(SolutionProperties) = preSolution
		HideSolutionNode = FALSE
	EndGlobalSection
	GlobalSection(ExtensibilityGlobals) = postSolution
		SolutionGuid = {37E024D1-E0FE-4AEB-AC5A-F2208F8EB2AC}
	EndGlobalSection
EndGlobal
