
Microsoft Visual Studio Solution File, Format Version 12.00
# Visual Studio Version 17
VisualStudioVersion = 17.2.32616.157
MinimumVisualStudioVersion = 10.0.40219.1
Project("{FAE04EC0-301F-11D3-BF4B-00C04F79EFBC}") = "string fonksiyonları", "string fonksiyonları\string fonksiyonları.csproj", "{087D4D30-44FB-41FB-AF58-3AE08320BAFA}"
EndProject
Global
	GlobalSection(SolutionConfigurationPlatforms) = preSolution
		Debug|Any CPU = Debug|Any CPU
		Release|Any CPU = Release|Any CPU
	EndGlobalSection
	GlobalSection(ProjectConfigurationPlatforms) = postSolution
		{087D4D30-44FB-41FB-AF58-3AE08320BAFA}.Debug|Any CPU.ActiveCfg = Debug|Any CPU
		{087D4D30-44FB-41FB-AF58-3AE08320BAFA}.Debug|Any CPU.Build.0 = Debug|Any CPU
		{087D4D30-44FB-41FB-AF58-3AE08320BAFA}.Release|Any CPU.ActiveCfg = Release|Any CPU
		{087D4D30-44FB-41FB-AF58-3AE08320BAFA}.Release|Any CPU.Build.0 = Release|Any CPU
	EndGlobalSection
	GlobalSection(SolutionProperties) = preSolution
		HideSolutionNode = FALSE
	EndGlobalSection
	GlobalSection(ExtensibilityGlobals) = postSolution
		SolutionGuid = {B6983E9C-884C-4E44-A0E0-644BAD9954C5}
	EndGlobalSection
EndGlobal
