
Microsoft Visual Studio Solution File, Format Version 12.00
# Visual Studio Version 17
VisualStudioVersion = 17.2.32616.157
MinimumVisualStudioVersion = 10.0.40219.1
Project("{FAE04EC0-301F-11D3-BF4B-00C04F79EFBC}") = "MetotlarÖrnek", "MetotlarÖrnek\MetotlarÖrnek.csproj", "{528414A6-F4E3-4809-A67C-0BF4E96566A5}"
EndProject
Global
	GlobalSection(SolutionConfigurationPlatforms) = preSolution
		Debug|Any CPU = Debug|Any CPU
		Release|Any CPU = Release|Any CPU
	EndGlobalSection
	GlobalSection(ProjectConfigurationPlatforms) = postSolution
		{528414A6-F4E3-4809-A67C-0BF4E96566A5}.Debug|Any CPU.ActiveCfg = Debug|Any CPU
		{528414A6-F4E3-4809-A67C-0BF4E96566A5}.Debug|Any CPU.Build.0 = Debug|Any CPU
		{528414A6-F4E3-4809-A67C-0BF4E96566A5}.Release|Any CPU.ActiveCfg = Release|Any CPU
		{528414A6-F4E3-4809-A67C-0BF4E96566A5}.Release|Any CPU.Build.0 = Release|Any CPU
	EndGlobalSection
	GlobalSection(SolutionProperties) = preSolution
		HideSolutionNode = FALSE
	EndGlobalSection
	GlobalSection(ExtensibilityGlobals) = postSolution
		SolutionGuid = {A6CBAF43-8AF0-48EE-8A57-34E44CFA9DFF}
	EndGlobalSection
EndGlobal
