
Microsoft Visual Studio Solution File, Format Version 12.00
# Visual Studio Version 17
VisualStudioVersion = 17.3.32819.101
MinimumVisualStudioVersion = 10.0.40219.1
Project("{FAE04EC0-301F-11D3-BF4B-00C04F79EFBC}") = "CafeÖdeviWindowsForms", "CafeÖdeviWindowsForms\CafeÖdeviWindowsForms.csproj", "{46003DA9-9300-4E5C-86E3-F499E5BCEFDF}"
EndProject
Global
	GlobalSection(SolutionConfigurationPlatforms) = preSolution
		Debug|Any CPU = Debug|Any CPU
		Release|Any CPU = Release|Any CPU
	EndGlobalSection
	GlobalSection(ProjectConfigurationPlatforms) = postSolution
		{46003DA9-9300-4E5C-86E3-F499E5BCEFDF}.Debug|Any CPU.ActiveCfg = Debug|Any CPU
		{46003DA9-9300-4E5C-86E3-F499E5BCEFDF}.Debug|Any CPU.Build.0 = Debug|Any CPU
		{46003DA9-9300-4E5C-86E3-F499E5BCEFDF}.Release|Any CPU.ActiveCfg = Release|Any CPU
		{46003DA9-9300-4E5C-86E3-F499E5BCEFDF}.Release|Any CPU.Build.0 = Release|Any CPU
	EndGlobalSection
	GlobalSection(SolutionProperties) = preSolution
		HideSolutionNode = FALSE
	EndGlobalSection
	GlobalSection(ExtensibilityGlobals) = postSolution
		SolutionGuid = {8750B92B-B79A-4E4B-B075-42B16C82D35F}
	EndGlobalSection
EndGlobal
