
Microsoft Visual Studio Solution File, Format Version 12.00
# Visual Studio Version 17
VisualStudioVersion = 17.3.32819.101
MinimumVisualStudioVersion = 10.0.40219.1
Project("{FAE04EC0-301F-11D3-BF4B-00C04F79EFBC}") = "For Döngüsü Örn.", "..\For Döngüsü Örn\For Döngüsü Örn\For Döngüsü Örn..csproj", "{391D0D61-7190-4B63-88AB-F4BE76375285}"
EndProject
Global
	GlobalSection(SolutionConfigurationPlatforms) = preSolution
		Debug|Any CPU = Debug|Any CPU
		Release|Any CPU = Release|Any CPU
	EndGlobalSection
	GlobalSection(ProjectConfigurationPlatforms) = postSolution
		{391D0D61-7190-4B63-88AB-F4BE76375285}.Debug|Any CPU.ActiveCfg = Debug|Any CPU
		{391D0D61-7190-4B63-88AB-F4BE76375285}.Debug|Any CPU.Build.0 = Debug|Any CPU
		{391D0D61-7190-4B63-88AB-F4BE76375285}.Release|Any CPU.ActiveCfg = Release|Any CPU
		{391D0D61-7190-4B63-88AB-F4BE76375285}.Release|Any CPU.Build.0 = Release|Any CPU
	EndGlobalSection
	GlobalSection(SolutionProperties) = preSolution
		HideSolutionNode = FALSE
	EndGlobalSection
	GlobalSection(ExtensibilityGlobals) = postSolution
		SolutionGuid = {B861BC06-CF29-448B-A14B-4B8E7905801D}
	EndGlobalSection
EndGlobal
