
Microsoft Visual Studio Solution File, Format Version 12.00
# Visual Studio Version 17
VisualStudioVersion = 17.3.32819.101
MinimumVisualStudioVersion = 10.0.40219.1
Project("{FAE04EC0-301F-11D3-BF4B-00C04F79EFBC}") = "InterfaceSqlÖrneği", "InterfaceSqlÖrneği\InterfaceSqlÖrneği.csproj", "{08B57D7E-16C1-4CF8-8D07-2346CC762A36}"
EndProject
Global
	GlobalSection(SolutionConfigurationPlatforms) = preSolution
		Debug|Any CPU = Debug|Any CPU
		Release|Any CPU = Release|Any CPU
	EndGlobalSection
	GlobalSection(ProjectConfigurationPlatforms) = postSolution
		{08B57D7E-16C1-4CF8-8D07-2346CC762A36}.Debug|Any CPU.ActiveCfg = Debug|Any CPU
		{08B57D7E-16C1-4CF8-8D07-2346CC762A36}.Debug|Any CPU.Build.0 = Debug|Any CPU
		{08B57D7E-16C1-4CF8-8D07-2346CC762A36}.Release|Any CPU.ActiveCfg = Release|Any CPU
		{08B57D7E-16C1-4CF8-8D07-2346CC762A36}.Release|Any CPU.Build.0 = Release|Any CPU
	EndGlobalSection
	GlobalSection(SolutionProperties) = preSolution
		HideSolutionNode = FALSE
	EndGlobalSection
	GlobalSection(ExtensibilityGlobals) = postSolution
		SolutionGuid = {1AE6B3AD-7A03-4A53-8E15-56F06153EFD1}
	EndGlobalSection
EndGlobal
