
Microsoft Visual Studio Solution File, Format Version 12.00
# Visual Studio Version 17
VisualStudioVersion = 17.3.32819.101
MinimumVisualStudioVersion = 10.0.40219.1
Project("{FAE04EC0-301F-11D3-BF4B-00C04F79EFBC}") = "DizilerDöngülerÖdev", "DizilerDöngülerÖdev\DizilerDöngülerÖdev.csproj", "{C59DF31B-CFB6-4C6D-B28A-C8E87C982F89}"
EndProject
Global
	GlobalSection(SolutionConfigurationPlatforms) = preSolution
		Debug|Any CPU = Debug|Any CPU
		Release|Any CPU = Release|Any CPU
	EndGlobalSection
	GlobalSection(ProjectConfigurationPlatforms) = postSolution
		{C59DF31B-CFB6-4C6D-B28A-C8E87C982F89}.Debug|Any CPU.ActiveCfg = Debug|Any CPU
		{C59DF31B-CFB6-4C6D-B28A-C8E87C982F89}.Debug|Any CPU.Build.0 = Debug|Any CPU
		{C59DF31B-CFB6-4C6D-B28A-C8E87C982F89}.Release|Any CPU.ActiveCfg = Release|Any CPU
		{C59DF31B-CFB6-4C6D-B28A-C8E87C982F89}.Release|Any CPU.Build.0 = Release|Any CPU
	EndGlobalSection
	GlobalSection(SolutionProperties) = preSolution
		HideSolutionNode = FALSE
	EndGlobalSection
	GlobalSection(ExtensibilityGlobals) = postSolution
		SolutionGuid = {0B140906-8A14-4CA1-A9D5-A96EE8FA9D5B}
	EndGlobalSection
EndGlobal
