
Microsoft Visual Studio Solution File, Format Version 12.00
# Visual Studio Version 17
VisualStudioVersion = 17.2.32616.157
MinimumVisualStudioVersion = 10.0.40219.1
Project("{FAE04EC0-301F-11D3-BF4B-00C04F79EFBC}") = "BankaÖrnek", "BankaÖrnek\BankaÖrnek.csproj", "{FEE096B2-E666-4872-8E3E-A1B74F7ADFA6}"
EndProject
Global
	GlobalSection(SolutionConfigurationPlatforms) = preSolution
		Debug|Any CPU = Debug|Any CPU
		Release|Any CPU = Release|Any CPU
	EndGlobalSection
	GlobalSection(ProjectConfigurationPlatforms) = postSolution
		{FEE096B2-E666-4872-8E3E-A1B74F7ADFA6}.Debug|Any CPU.ActiveCfg = Debug|Any CPU
		{FEE096B2-E666-4872-8E3E-A1B74F7ADFA6}.Debug|Any CPU.Build.0 = Debug|Any CPU
		{FEE096B2-E666-4872-8E3E-A1B74F7ADFA6}.Release|Any CPU.ActiveCfg = Release|Any CPU
		{FEE096B2-E666-4872-8E3E-A1B74F7ADFA6}.Release|Any CPU.Build.0 = Release|Any CPU
	EndGlobalSection
	GlobalSection(SolutionProperties) = preSolution
		HideSolutionNode = FALSE
	EndGlobalSection
	GlobalSection(ExtensibilityGlobals) = postSolution
		SolutionGuid = {4671C072-8E73-4DC1-8D2C-9245DCF6EFDD}
	EndGlobalSection
EndGlobal
