
Microsoft Visual Studio Solution File, Format Version 12.00
# Visual Studio Version 17
VisualStudioVersion = 17.3.32819.101
MinimumVisualStudioVersion = 10.0.40219.1
Project("{FAE04EC0-301F-11D3-BF4B-00C04F79EFBC}") = "Sınıflar2", "Sınıflar2\Sınıflar2.csproj", "{C38BFEEA-E527-473F-AC2F-2DB6028CB139}"
EndProject
Global
	GlobalSection(SolutionConfigurationPlatforms) = preSolution
		Debug|Any CPU = Debug|Any CPU
		Release|Any CPU = Release|Any CPU
	EndGlobalSection
	GlobalSection(ProjectConfigurationPlatforms) = postSolution
		{C38BFEEA-E527-473F-AC2F-2DB6028CB139}.Debug|Any CPU.ActiveCfg = Debug|Any CPU
		{C38BFEEA-E527-473F-AC2F-2DB6028CB139}.Debug|Any CPU.Build.0 = Debug|Any CPU
		{C38BFEEA-E527-473F-AC2F-2DB6028CB139}.Release|Any CPU.ActiveCfg = Release|Any CPU
		{C38BFEEA-E527-473F-AC2F-2DB6028CB139}.Release|Any CPU.Build.0 = Release|Any CPU
	EndGlobalSection
	GlobalSection(SolutionProperties) = preSolution
		HideSolutionNode = FALSE
	EndGlobalSection
	GlobalSection(ExtensibilityGlobals) = postSolution
		SolutionGuid = {5D09806E-795E-4E04-8AA0-DB293B33CF6E}
	EndGlobalSection
EndGlobal
