
Microsoft Visual Studio Solution File, Format Version 12.00
# Visual Studio Version 17
VisualStudioVersion = 17.2.32616.157
MinimumVisualStudioVersion = 10.0.40219.1
Project("{FAE04EC0-301F-11D3-BF4B-00C04F79EFBC}") = "tekrar", "tekrar\tekrar.csproj", "{A009D8E5-FCE2-4418-A060-5DF74A9A14CA}"
EndProject
Global
	GlobalSection(SolutionConfigurationPlatforms) = preSolution
		Debug|Any CPU = Debug|Any CPU
		Release|Any CPU = Release|Any CPU
	EndGlobalSection
	GlobalSection(ProjectConfigurationPlatforms) = postSolution
		{A009D8E5-FCE2-4418-A060-5DF74A9A14CA}.Debug|Any CPU.ActiveCfg = Debug|Any CPU
		{A009D8E5-FCE2-4418-A060-5DF74A9A14CA}.Debug|Any CPU.Build.0 = Debug|Any CPU
		{A009D8E5-FCE2-4418-A060-5DF74A9A14CA}.Release|Any CPU.ActiveCfg = Release|Any CPU
		{A009D8E5-FCE2-4418-A060-5DF74A9A14CA}.Release|Any CPU.Build.0 = Release|Any CPU
	EndGlobalSection
	GlobalSection(SolutionProperties) = preSolution
		HideSolutionNode = FALSE
	EndGlobalSection
	GlobalSection(ExtensibilityGlobals) = postSolution
		SolutionGuid = {3CDC8E0E-3583-48F0-8CBD-1390788B668B}
	EndGlobalSection
EndGlobal
